
Microsoft Visual Studio Solution File, Format Version 12.00
# Visual Studio Version 16
VisualStudioVersion = 16.0.30309.148
MinimumVisualStudioVersion = 10.0.40219.1
Project("{FAE04EC0-301F-11D3-BF4B-00C04F79EFBC}") = "Pimax_Simulator", "Pimax_Simulator\Pimax_Simulator.csproj", "{009307CB-55B7-4C6F-ADD2-698F70AD6CF0}"
EndProject
Global
	GlobalSection(SolutionConfigurationPlatforms) = preSolution
		Debug|Any CPU = Debug|Any CPU
		Release|Any CPU = Release|Any CPU
	EndGlobalSection
	GlobalSection(ProjectConfigurationPlatforms) = postSolution
		{009307CB-55B7-4C6F-ADD2-698F70AD6CF0}.Debug|Any CPU.ActiveCfg = Debug|Any CPU
		{009307CB-55B7-4C6F-ADD2-698F70AD6CF0}.Debug|Any CPU.Build.0 = Debug|Any CPU
		{009307CB-55B7-4C6F-ADD2-698F70AD6CF0}.Release|Any CPU.ActiveCfg = Release|Any CPU
		{009307CB-55B7-4C6F-ADD2-698F70AD6CF0}.Release|Any CPU.Build.0 = Release|Any CPU
	EndGlobalSection
	GlobalSection(SolutionProperties) = preSolution
		HideSolutionNode = FALSE
	EndGlobalSection
	GlobalSection(ExtensibilityGlobals) = postSolution
		SolutionGuid = {24669D5C-E45E-4482-82B4-3B15D6BE7D35}
	EndGlobalSection
EndGlobal
